
Microsoft Visual Studio Solution File, Format Version 12.00
# Visual Studio Version 17
VisualStudioVersion = 17.0.31903.59
MinimumVisualStudioVersion = 10.0.40219.1
Project("{FAE04EC0-301F-11D3-BF4B-00C04F79EFBC}") = "AnimalKingdom", "AnimalKingdom\AnimalKingdom.csproj", "{FC798A93-6A80-4654-A899-D21467268EC1}"
EndProject
Project("{FAE04EC0-301F-11D3-BF4B-00C04F79EFBC}") = "PlayerManager1", "PlayerManager1\PlayerManager1.csproj", "{3F44C593-0BCC-4552-B9E2-DDD5EE9B31EF}"
EndProject
Project("{FAE04EC0-301F-11D3-BF4B-00C04F79EFBC}") = "PlayerManager2", "PlayerManager2\PlayerManager2.csproj", "{3C335968-C0F1-4090-9E2B-CC1963E94D15}"
EndProject
Project("{FAE04EC0-301F-11D3-BF4B-00C04F79EFBC}") = "PlayerManager3", "PlayerManager3\PlayerManager3.csproj", "{A5343071-7739-4DBC-B3FE-FFF23E2A6E7A}"
EndProject
Project("{FAE04EC0-301F-11D3-BF4B-00C04F79EFBC}") = "PlayerManager4", "PlayerManager4\PlayerManager4.csproj", "{9C5AA8F4-ED0F-4F04-AB01-32F2A032F002}"
EndProject
Global
	GlobalSection(SolutionConfigurationPlatforms) = preSolution
		Debug|Any CPU = Debug|Any CPU
		Debug|x64 = Debug|x64
		Debug|x86 = Debug|x86
		Release|Any CPU = Release|Any CPU
		Release|x64 = Release|x64
		Release|x86 = Release|x86
	EndGlobalSection
	GlobalSection(ProjectConfigurationPlatforms) = postSolution
		{FC798A93-6A80-4654-A899-D21467268EC1}.Debug|Any CPU.ActiveCfg = Debug|Any CPU
		{FC798A93-6A80-4654-A899-D21467268EC1}.Debug|Any CPU.Build.0 = Debug|Any CPU
		{FC798A93-6A80-4654-A899-D21467268EC1}.Debug|x64.ActiveCfg = Debug|Any CPU
		{FC798A93-6A80-4654-A899-D21467268EC1}.Debug|x64.Build.0 = Debug|Any CPU
		{FC798A93-6A80-4654-A899-D21467268EC1}.Debug|x86.ActiveCfg = Debug|Any CPU
		{FC798A93-6A80-4654-A899-D21467268EC1}.Debug|x86.Build.0 = Debug|Any CPU
		{FC798A93-6A80-4654-A899-D21467268EC1}.Release|Any CPU.ActiveCfg = Release|Any CPU
		{FC798A93-6A80-4654-A899-D21467268EC1}.Release|Any CPU.Build.0 = Release|Any CPU
		{FC798A93-6A80-4654-A899-D21467268EC1}.Release|x64.ActiveCfg = Release|Any CPU
		{FC798A93-6A80-4654-A899-D21467268EC1}.Release|x64.Build.0 = Release|Any CPU
		{FC798A93-6A80-4654-A899-D21467268EC1}.Release|x86.ActiveCfg = Release|Any CPU
		{FC798A93-6A80-4654-A899-D21467268EC1}.Release|x86.Build.0 = Release|Any CPU
		{3F44C593-0BCC-4552-B9E2-DDD5EE9B31EF}.Debug|Any CPU.ActiveCfg = Debug|Any CPU
		{3F44C593-0BCC-4552-B9E2-DDD5EE9B31EF}.Debug|Any CPU.Build.0 = Debug|Any CPU
		{3F44C593-0BCC-4552-B9E2-DDD5EE9B31EF}.Debug|x64.ActiveCfg = Debug|Any CPU
		{3F44C593-0BCC-4552-B9E2-DDD5EE9B31EF}.Debug|x64.Build.0 = Debug|Any CPU
		{3F44C593-0BCC-4552-B9E2-DDD5EE9B31EF}.Debug|x86.ActiveCfg = Debug|Any CPU
		{3F44C593-0BCC-4552-B9E2-DDD5EE9B31EF}.Debug|x86.Build.0 = Debug|Any CPU
		{3F44C593-0BCC-4552-B9E2-DDD5EE9B31EF}.Release|Any CPU.ActiveCfg = Release|Any CPU
		{3F44C593-0BCC-4552-B9E2-DDD5EE9B31EF}.Release|Any CPU.Build.0 = Release|Any CPU
		{3F44C593-0BCC-4552-B9E2-DDD5EE9B31EF}.Release|x64.ActiveCfg = Release|Any CPU
		{3F44C593-0BCC-4552-B9E2-DDD5EE9B31EF}.Release|x64.Build.0 = Release|Any CPU
		{3F44C593-0BCC-4552-B9E2-DDD5EE9B31EF}.Release|x86.ActiveCfg = Release|Any CPU
		{3F44C593-0BCC-4552-B9E2-DDD5EE9B31EF}.Release|x86.Build.0 = Release|Any CPU
		{3C335968-C0F1-4090-9E2B-CC1963E94D15}.Debug|Any CPU.ActiveCfg = Debug|Any CPU
		{3C335968-C0F1-4090-9E2B-CC1963E94D15}.Debug|Any CPU.Build.0 = Debug|Any CPU
		{3C335968-C0F1-4090-9E2B-CC1963E94D15}.Debug|x64.ActiveCfg = Debug|Any CPU
		{3C335968-C0F1-4090-9E2B-CC1963E94D15}.Debug|x64.Build.0 = Debug|Any CPU
		{3C335968-C0F1-4090-9E2B-CC1963E94D15}.Debug|x86.ActiveCfg = Debug|Any CPU
		{3C335968-C0F1-4090-9E2B-CC1963E94D15}.Debug|x86.Build.0 = Debug|Any CPU
		{3C335968-C0F1-4090-9E2B-CC1963E94D15}.Release|Any CPU.ActiveCfg = Release|Any CPU
		{3C335968-C0F1-4090-9E2B-CC1963E94D15}.Release|Any CPU.Build.0 = Release|Any CPU
		{3C335968-C0F1-4090-9E2B-CC1963E94D15}.Release|x64.ActiveCfg = Release|Any CPU
		{3C335968-C0F1-4090-9E2B-CC1963E94D15}.Release|x64.Build.0 = Release|Any CPU
		{3C335968-C0F1-4090-9E2B-CC1963E94D15}.Release|x86.ActiveCfg = Release|Any CPU
		{3C335968-C0F1-4090-9E2B-CC1963E94D15}.Release|x86.Build.0 = Release|Any CPU
		{A5343071-7739-4DBC-B3FE-FFF23E2A6E7A}.Debug|Any CPU.ActiveCfg = Debug|Any CPU
		{A5343071-7739-4DBC-B3FE-FFF23E2A6E7A}.Debug|Any CPU.Build.0 = Debug|Any CPU
		{A5343071-7739-4DBC-B3FE-FFF23E2A6E7A}.Debug|x64.ActiveCfg = Debug|Any CPU
		{A5343071-7739-4DBC-B3FE-FFF23E2A6E7A}.Debug|x64.Build.0 = Debug|Any CPU
		{A5343071-7739-4DBC-B3FE-FFF23E2A6E7A}.Debug|x86.ActiveCfg = Debug|Any CPU
		{A5343071-7739-4DBC-B3FE-FFF23E2A6E7A}.Debug|x86.Build.0 = Debug|Any CPU
		{A5343071-7739-4DBC-B3FE-FFF23E2A6E7A}.Release|Any CPU.ActiveCfg = Release|Any CPU
		{A5343071-7739-4DBC-B3FE-FFF23E2A6E7A}.Release|Any CPU.Build.0 = Release|Any CPU
		{A5343071-7739-4DBC-B3FE-FFF23E2A6E7A}.Release|x64.ActiveCfg = Release|Any CPU
		{A5343071-7739-4DBC-B3FE-FFF23E2A6E7A}.Release|x64.Build.0 = Release|Any CPU
		{A5343071-7739-4DBC-B3FE-FFF23E2A6E7A}.Release|x86.ActiveCfg = Release|Any CPU
		{A5343071-7739-4DBC-B3FE-FFF23E2A6E7A}.Release|x86.Build.0 = Release|Any CPU
		{9C5AA8F4-ED0F-4F04-AB01-32F2A032F002}.Debug|Any CPU.ActiveCfg = Debug|Any CPU
		{9C5AA8F4-ED0F-4F04-AB01-32F2A032F002}.Debug|Any CPU.Build.0 = Debug|Any CPU
		{9C5AA8F4-ED0F-4F04-AB01-32F2A032F002}.Debug|x64.ActiveCfg = Debug|Any CPU
		{9C5AA8F4-ED0F-4F04-AB01-32F2A032F002}.Debug|x64.Build.0 = Debug|Any CPU
		{9C5AA8F4-ED0F-4F04-AB01-32F2A032F002}.Debug|x86.ActiveCfg = Debug|Any CPU
		{9C5AA8F4-ED0F-4F04-AB01-32F2A032F002}.Debug|x86.Build.0 = Debug|Any CPU
		{9C5AA8F4-ED0F-4F04-AB01-32F2A032F002}.Release|Any CPU.ActiveCfg = Release|Any CPU
		{9C5AA8F4-ED0F-4F04-AB01-32F2A032F002}.Release|Any CPU.Build.0 = Release|Any CPU
		{9C5AA8F4-ED0F-4F04-AB01-32F2A032F002}.Release|x64.ActiveCfg = Release|Any CPU
		{9C5AA8F4-ED0F-4F04-AB01-32F2A032F002}.Release|x64.Build.0 = Release|Any CPU
		{9C5AA8F4-ED0F-4F04-AB01-32F2A032F002}.Release|x86.ActiveCfg = Release|Any CPU
		{9C5AA8F4-ED0F-4F04-AB01-32F2A032F002}.Release|x86.Build.0 = Release|Any CPU
	EndGlobalSection
	GlobalSection(SolutionProperties) = preSolution
		HideSolutionNode = FALSE
	EndGlobalSection
EndGlobal
